// !$*UTF8*$!
{
	archiveVersion = 1;
	classes = {
	};
	objectVersion = 46;
	objects = {

/* Begin PBXBuildFile section */
		7BB68EC11DFA988D00E57B86 /* AppDelegate.swift in Sources */ = {isa = PBXBuildFile; fileRef = 7BB68EC01DFA988D00E57B86 /* AppDelegate.swift */; };
		7BB68EC31DFA988D00E57B86 /* ViewController.swift in Sources */ = {isa = PBXBuildFile; fileRef = 7BB68EC21DFA988D00E57B86 /* ViewController.swift */; };
		7BB68EC61DFA988D00E57B86 /* Main.storyboard in Resources */ = {isa = PBXBuildFile; fileRef = 7BB68EC41DFA988D00E57B86 /* Main.storyboard */; };
		7BB68EC81DFA988D00E57B86 /* Assets.xcassets in Resources */ = {isa = PBXBuildFile; fileRef = 7BB68EC71DFA988D00E57B86 /* Assets.xcassets */; };
		7BB68ECB1DFA988D00E57B86 /* LaunchScreen.storyboard in Resources */ = {isa = PBXBuildFile; fileRef = 7BB68EC91DFA988D00E57B86 /* LaunchScreen.storyboard */; };
/* End PBXBuildFile section */

/* Begin PBXFileReference section */
		7BB68EBD1DFA988D00E57B86 /* Essay.app */ = {isa = PBXFileReference; explicitFileType = wrapper.application; includeInIndex = 0; path = Essay.app; sourceTree = BUILT_PRODUCTS_DIR; };
		7BB68EC01DFA988D00E57B86 /* AppDelegate.swift */ = {isa = PBXFileReference; lastKnownFileType = sourcecode.swift; name = AppDelegate.swift; path = ../AppDelegate.swift; sourceTree = "<group>"; };
		7BB68EC21DFA988D00E57B86 /* ViewController.swift */ = {isa = PBXFileReference; lastKnownFileType = sourcecode.swift; name = ViewController.swift; path = ../ViewController.swift; sourceTree = "<group>"; };
		7BB68EC51DFA988D00E57B86 /* Base */ = {isa = PBXFileReference; lastKnownFileType = file.storyboard; name = Base; path = Base.lproj/Main.storyboard; sourceTree = "<group>"; };
		7BB68EC71DFA988D00E57B86 /* Assets.xcassets */ = {isa = PBXFileReference; lastKnownFileType = folder.assetcatalog; name = Assets.xcassets; path = ../Assets.xcassets; sourceTree = "<group>"; };
		7BB68ECA1DFA988D00E57B86 /* Base */ = {isa = PBXFileReference; lastKnownFileType = file.storyboard; name = Base; path = Base.lproj/LaunchScreen.storyboard; sourceTree = "<group>"; };
		7BB68ECC1DFA988D00E57B86 /* Info.plist */ = {isa = PBXFileReference; lastKnownFileType = text.plist.xml; name = Info.plist; path = ../Info.plist; sourceTree = "<group>"; };
/* End PBXFileReference section */

/* Begin PBXFrameworksBuildPhase section */
		7BB68EBA1DFA988D00E57B86 /* Frameworks */ = {
			isa = PBXFrameworksBuildPhase;
			buildActionMask = 2147483647;
			files = (
			);
			runOnlyForDeploymentPostprocessing = 0;
		};
/* End PBXFrameworksBuildPhase section */

/* Begin PBXGroup section */
		7BB68EB41DFA988D00E57B86 = {
			isa = PBXGroup;
			children = (
				7BB68EBF1DFA988D00E57B86 /* Essay */,
				7BB68EBE1DFA988D00E57B86 /* Products */,
			);
			sourceTree = "<group>";
		};
		7BB68EBE1DFA988D00E57B86 /* Products */ = {
			isa = PBXGroup;
			children = (
				7BB68EBD1DFA988D00E57B86 /* Essay.app */,
			);
			name = Products;
			sourceTree = "<group>";
		};
		7BB68EBF1DFA988D00E57B86 /* Essay */ = {
			isa = PBXGroup;
			children = (
				7BB68ED21DFA98C300E57B86 /* Application */,
				7BB68ED31DFA98C300E57B86 /* Controllers */,
				7BB68ED41DFA98C300E57B86 /* Models */,
				7BB68ED51DFA98C300E57B86 /* Resource */,
				7BB68ED61DFA98C300E57B86 /* Views */,
			);
			path = Essay;
			sourceTree = "<group>";
		};
		7BB68ED21DFA98C300E57B86 /* Application */ = {
			isa = PBXGroup;
			children = (
				7BB68EC01DFA988D00E57B86 /* AppDelegate.swift */,
			);
			path = Application;
			sourceTree = "<group>";
		};
		7BB68ED31DFA98C300E57B86 /* Controllers */ = {
			isa = PBXGroup;
			children = (
				7BB68EC21DFA988D00E57B86 /* ViewController.swift */,
			);
			path = Controllers;
			sourceTree = "<group>";
		};
		7BB68ED41DFA98C300E57B86 /* Models */ = {
			isa = PBXGroup;
			children = (
			);
			path = Models;
			sourceTree = "<group>";
		};
		7BB68ED51DFA98C300E57B86 /* Resource */ = {
			isa = PBXGroup;
			children = (
				7BB68EC41DFA988D00E57B86 /* Main.storyboard */,
				7BB68EC71DFA988D00E57B86 /* Assets.xcassets */,
				7BB68EC91DFA988D00E57B86 /* LaunchScreen.storyboard */,
				7BB68ECC1DFA988D00E57B86 /* Info.plist */,
			);
			path = Resource;
			sourceTree = "<group>";
		};
		7BB68ED61DFA98C300E57B86 /* Views */ = {
			isa = PBXGroup;
			children = (
			);
			path = Views;
			sourceTree = "<group>";
		};
/* End PBXGroup section */

/* Begin PBXNativeTarget section */
		7BB68EBC1DFA988D00E57B86 /* Essay */ = {
			isa = PBXNativeTarget;
			buildConfigurationList = 7BB68ECF1DFA988D00E57B86 /* Build configuration list for PBXNativeTarget "Essay" */;
			buildPhases = (
				7BB68EB91DFA988D00E57B86 /* Sources */,
				7BB68EBA1DFA988D00E57B86 /* Frameworks */,
				7BB68EBB1DFA988D00E57B86 /* Resources */,
			);
			buildRules = (
			);
			dependencies = (
			);
			name = Essay;
			productName = Essay;
			productReference = 7BB68EBD1DFA988D00E57B86 /* Essay.app */;
			productType = "com.apple.product-type.application";
		};
/* End PBXNativeTarget section */

/* Begin PBXProject section */
		7BB68EB51DFA988D00E57B86 /* Project object */ = {
			isa = PBXProject;
			attributes = {
				LastSwiftUpdateCheck = 0810;
				LastUpgradeCheck = 0810;
				ORGANIZATIONNAME = Frank_s;
				TargetAttributes = {
					7BB68EBC1DFA988D00E57B86 = {
						CreatedOnToolsVersion = 8.1;
						DevelopmentTeam = 97FKU45XH7;
						ProvisioningStyle = Automatic;
					};
				};
			};
			buildConfigurationList = 7BB68EB81DFA988D00E57B86 /* Build configuration list for PBXProject "Essay" */;
			compatibilityVersion = "Xcode 3.2";
			developmentRegion = English;
			hasScannedForEncodings = 0;
			knownRegions = (
				en,
				Base,
			);
			mainGroup = 7BB68EB41DFA988D00E57B86;
			productRefGroup = 7BB68EBE1DFA988D00E57B86 /* Products */;
			projectDirPath = "";
			projectRoot = "";
			targets = (
				7BB68EBC1DFA988D00E57B86 /* Essay */,
			);
		};
/* End PBXProject section */

/* Begin PBXResourcesBuildPhase section */
		7BB68EBB1DFA988D00E57B86 /* Resources */ = {
			isa = PBXResourcesBuildPhase;
			buildActionMask = 2147483647;
			files = (
				7BB68ECB1DFA988D00E57B86 /* LaunchScreen.storyboard in Resources */,
				7BB68EC81DFA988D00E57B86 /* Assets.xcassets in Resources */,
				7BB68EC61DFA988D00E57B86 /* Main.storyboard in Resources */,
			);
			runOnlyForDeploymentPostprocessing = 0;
		};
/* End PBXResourcesBuildPhase section */

/* Begin PBXSourcesBuildPhase section */
		7BB68EB91DFA988D00E57B86 /* Sources */ = {
			isa = PBXSourcesBuildPhase;
			buildActionMask = 2147483647;
			files = (
				7BB68EC31DFA988D00E57B86 /* ViewController.swift in Sources */,
				7BB68EC11DFA988D00E57B86 /* AppDelegate.swift in Sources */,
			);
			runOnlyForDeploymentPostprocessing = 0;
		};
/* End PBXSourcesBuildPhase section */

/* Begin PBXVariantGroup section */
		7BB68EC41DFA988D00E57B86 /* Main.storyboard */ = {
			isa = PBXVariantGroup;
			children = (
				7BB68EC51DFA988D00E57B86 /* Base */,
			);
			name = Main.storyboard;
			path = ..;
			sourceTree = "<group>";
		};
		7BB68EC91DFA988D00E57B86 /* LaunchScreen.storyboard */ = {
			isa = PBXVariantGroup;
			children = (
				7BB68ECA1DFA988D00E57B86 /* Base */,
			);
			name = LaunchScreen.storyboard;
			path = ..;
			sourceTree = "<group>";
		};
/* End PBXVariantGroup section */

/* Begin XCBuildConfiguration section */
		7BB68ECD1DFA988D00E57B86 /* Debug */ = {
			isa = XCBuildConfiguration;
			buildSettings = {
				ALWAYS_SEARCH_USER_PATHS = NO;
				CLANG_ANALYZER_NONNULL = YES;
				CLANG_CXX_LANGUAGE_STANDARD = "gnu++0x";
				CLANG_CXX_LIBRARY = "libc++";
				CLANG_ENABLE_MODULES = YES;
				CLANG_ENABLE_OBJC_ARC = YES;
				CLANG_WARN_BOOL_CONVERSION = YES;
				CLANG_WARN_CONSTANT_CONVERSION = YES;
				CLANG_WARN_DIRECT_OBJC_ISA_USAGE = YES_ERROR;
				CLANG_WARN_DOCUMENTATION_COMMENTS = YES;
				CLANG_WARN_EMPTY_BODY = YES;
				CLANG_WARN_ENUM_CONVERSION = YES;
				CLANG_WARN_INFINITE_RECURSION = YES;
				CLANG_WARN_INT_CONVERSION = YES;
				CLANG_WARN_OBJC_ROOT_CLASS = YES_ERROR;
				CLANG_WARN_SUSPICIOUS_MOVES = YES;
				CLANG_WARN_UNREACHABLE_CODE = YES;
				CLANG_WARN__DUPLICATE_METHOD_MATCH = YES;
				"CODE_SIGN_IDENTITY[sdk=iphoneos*]" = "iPhone Developer";
				COPY_PHASE_STRIP = NO;
				DEBUG_INFORMATION_FORMAT = dwarf;
				ENABLE_STRICT_OBJC_MSGSEND = YES;
				ENABLE_TESTABILITY = YES;
				GCC_C_LANGUAGE_STANDARD = gnu99;
				GCC_DYNAMIC_NO_PIC = NO;
				GCC_NO_COMMON_BLOCKS = YES;
				GCC_OPTIMIZATION_LEVEL = 0;
				GCC_PREPROCESSOR_DEFINITIONS = (
					"DEBUG=1",
					"$(inherited)",
				);
				GCC_WARN_64_TO_32_BIT_CONVERSION = YES;
				GCC_WARN_ABOUT_RETURN_TYPE = YES_ERROR;
				GCC_WARN_UNDECLARED_SELECTOR = YES;
				GCC_WARN_UNINITIALIZED_AUTOS = YES_AGGRESSIVE;
				GCC_WARN_UNUSED_FUNCTION = YES;
				GCC_WARN_UNUSED_VARIABLE = YES;
				IPHONEOS_DEPLOYMENT_TARGET = 10.1;
				MTL_ENABLE_DEBUG_INFO = YES;
				ONLY_ACTIVE_ARCH = YES;
				SDKROOT = iphoneos;
				SWIFT_ACTIVE_COMPILATION_CONDITIONS = DEBUG;
				SWIFT_OPTIMIZATION_LEVEL = "-Onone";
			};
			name = Debug;
		};
		7BB68ECE1DFA988D00E57B86 /* Release */ = {
			isa = XCBuildConfiguration;
			buildSettings = {
				ALWAYS_SEARCH_USER_PATHS = NO;
				CLANG_ANALYZER_NONNULL = YES;
				CLANG_CXX_LANGUAGE_STANDARD = "gnu++0x";
				CLANG_CXX_LIBRARY = "libc++";
				CLANG_ENABLE_MODULES = YES;
				CLANG_ENABLE_OBJC_ARC = YES;
				CLANG_WARN_BOOL_CONVERSION = YES;
				CLANG_WARN_CONSTANT_CONVERSION = YES;
				CLANG_WARN_DIRECT_OBJC_ISA_USAGE = YES_ERROR;
				CLANG_WARN_DOCUMENTATION_COMMENTS = YES;
				CLANG_WARN_EMPTY_BODY = YES;
				CLANG_WARN_ENUM_CONVERSION = YES;
				CLANG_WARN_INFINITE_RECURSION = YES;
				CLANG_WARN_INT_CONVERSION = YES;
				CLANG_WARN_OBJC_ROOT_CLASS = YES_ERROR;
				CLANG_WARN_SUSPICIOUS_MOVES = YES;
				CLANG_WARN_UNREACHABLE_CODE = YES;
				CLANG_WARN__DUPLICATE_METHOD_MATCH = YES;
				"CODE_SIGN_IDENTITY[sdk=iphoneos*]" = "iPhone Developer";
				COPY_PHASE_STRIP = NO;
				DEBUG_INFORMATION_FORMAT = "dwarf-with-dsym";
				ENABLE_NS_ASSERTIONS = NO;
				ENABLE_STRICT_OBJC_MSGSEND = YES;
				GCC_C_LANGUAGE_STANDARD = gnu99;
				GCC_NO_COMMON_BLOCKS = YES;
				GCC_WARN_64_TO_32_BIT_CONVERSION = YES;
				GCC_WARN_ABOUT_RETURN_TYPE = YES_ERROR;
				GCC_WARN_UNDECLARED_SELECTOR = YES;
				GCC_WARN_UNINITIALIZED_AUTOS = YES_AGGRESSIVE;
				GCC_WARN_UNUSED_FUNCTION = YES;
				GCC_WARN_UNUSED_VARIABLE = YES;
				IPHONEOS_DEPLOYMENT_TARGET = 10.1;
				MTL_ENABLE_DEBUG_INFO = NO;
				SDKROOT = iphoneos;
				SWIFT_OPTIMIZATION_LEVEL = "-Owholemodule";
				VALIDATE_PRODUCT = YES;
			};
			name = Release;
		};
		7BB68ED01DFA988D00E57B86 /* Debug */ = {
			isa = XCBuildConfiguration;
			buildSettings = {
				ASSETCATALOG_COMPILER_APPICON_NAME = AppIcon;
				DEVELOPMENT_TEAM = 97FKU45XH7;
				INFOPLIST_FILE = Essay/Info.plist;
				LD_RUNPATH_SEARCH_PATHS = "$(inherited) @executable_path/Frameworks";
				PRODUCT_BUNDLE_IDENTIFIER = "com.frank-s.com.Essay";
				PRODUCT_NAME = "$(TARGET_NAME)";
				SWIFT_VERSION = 3.0;
			};
			name = Debug;
		};
		7BB68ED11DFA988D00E57B86 /* Release */ = {
			isa = XCBuildConfiguration;
			buildSettings = {
				ASSETCATALOG_COMPILER_APPICON_NAME = AppIcon;
				DEVELOPMENT_TEAM = 97FKU45XH7;
				INFOPLIST_FILE = Essay/Info.plist;
				LD_RUNPATH_SEARCH_PATHS = "$(inherited) @executable_path/Frameworks";
				PRODUCT_BUNDLE_IDENTIFIER = "com.frank-s.com.Essay";
				PRODUCT_NAME = "$(TARGET_NAME)";
				SWIFT_VERSION = 3.0;
			};
			name = Release;
		};
/* End XCBuildConfiguration section */

/* Begin XCConfigurationList section */
		7BB68EB81DFA988D00E57B86 /* Build configuration list for PBXProject "Essay" */ = {
			isa = XCConfigurationList;
			buildConfigurations = (
				7BB68ECD1DFA988D00E57B86 /* Debug */,
				7BB68ECE1DFA988D00E57B86 /* Release */,
			);
			defaultConfigurationIsVisible = 0;
			defaultConfigurationName = Release;
		};
		7BB68ECF1DFA988D00E57B86 /* Build configuration list for PBXNativeTarget "Essay" */ = {
			isa = XCConfigurationList;
			buildConfigurations = (
				7BB68ED01DFA988D00E57B86 /* Debug */,
				7BB68ED11DFA988D00E57B86 /* Release */,
			);
			defaultConfigurationIsVisible = 0;
		};
/* End XCConfigurationList section */
	};
	rootObject = 7BB68EB51DFA988D00E57B86 /* Project object */;
}
